{
    "_readme": [
        "This file locks the dependencies of your project to a known state",
        "Read more about it at https://getcomposer.org/doc/01-basic-usage.md#installing-dependencies",
        "This file is @generated automatically"
    ],
    "content-hash": "3f90877e9897faae4e21aaf5eea432ff",
    "packages": [
        {
            "name": "mongdch/mon-util",
            "version": "1.5.2",
            "source": {
                "type": "git",
                "url": "https://github.com/MonGDCH/mon-util.git",
                "reference": "5b22a5e923e5f99cce86119b4d6aedf55f3a7d57"
            },
            "dist": {
                "type": "zip",
                "url": "https://api.github.com/repos/MonGDCH/mon-util/zipball/5b22a5e923e5f99cce86119b4d6aedf55f3a7d57",
                "reference": "5b22a5e923e5f99cce86119b4d6aedf55f3a7d57",
                "shasum": ""
            },
            "require": {
                "php": ">=7.2.0",
                "psr/container": "1.0.0"
            },
            "type": "library",
            "autoload": {
                "files": [
                    "src/helpers.php"
                ],
                "psr-4": {
                    "mon\\util\\": "src/"
                }
            },
            "notification-url": "https://packagist.org/downloads/",
            "license": [
                "Apache-2.0"
            ],
            "authors": [
                {
                    "name": "Mon",
                    "email": "985558837@qq.com",
                    "homepage": "http://www.gdmon.com/",
                    "role": "Developer"
                }
            ],
            "description": "常用的PHP工具类库，包含了各种各式各样的工具，如：容器、时间、验证器、多语言、图片处理、二维码生成、IP地址解析、文件操作、数据安全、数据字典等等等等。。。",
            "homepage": "http://gdmon.com/",
            "keywords": [
                "mon",
                "tool",
                "util"
            ],
            "support": {
                "issues": "https://github.com/MonGDCH/mon-util/issues",
                "source": "https://github.com/MonGDCH/mon-util/tree/1.5.2"
            },
            "time": "2024-02-04T07:43:52+00:00"
        },
        {
            "name": "psr/container",
            "version": "1.0.0",
            "source": {
                "type": "git",
                "url": "https://github.com/php-fig/container.git",
                "reference": "b7ce3b176482dbbc1245ebf52b181af44c2cf55f"
            },
            "dist": {
                "type": "zip",
                "url": "https://api.github.com/repos/php-fig/container/zipball/b7ce3b176482dbbc1245ebf52b181af44c2cf55f",
                "reference": "b7ce3b176482dbbc1245ebf52b181af44c2cf55f",
                "shasum": ""
            },
            "require": {
                "php": ">=5.3.0"
            },
            "type": "library",
            "extra": {
                "branch-alias": {
                    "dev-master": "1.0.x-dev"
                }
            },
            "autoload": {
                "psr-4": {
                    "Psr\\Container\\": "src/"
                }
            },
            "notification-url": "https://packagist.org/downloads/",
            "license": [
                "MIT"
            ],
            "authors": [
                {
                    "name": "PHP-FIG",
                    "homepage": "http://www.php-fig.org/"
                }
            ],
            "description": "Common Container Interface (PHP FIG PSR-11)",
            "homepage": "https://github.com/php-fig/container",
            "keywords": [
                "PSR-11",
                "container",
                "container-interface",
                "container-interop",
                "psr"
            ],
            "support": {
                "issues": "https://github.com/php-fig/container/issues",
                "source": "https://github.com/php-fig/container/tree/master"
            },
            "time": "2017-02-14T16:28:37+00:00"
        },
        {
            "name": "psr/log",
            "version": "1.1.4",
            "source": {
                "type": "git",
                "url": "https://github.com/php-fig/log.git",
                "reference": "d49695b909c3b7628b6289db5479a1c204601f11"
            },
            "dist": {
                "type": "zip",
                "url": "https://api.github.com/repos/php-fig/log/zipball/d49695b909c3b7628b6289db5479a1c204601f11",
                "reference": "d49695b909c3b7628b6289db5479a1c204601f11",
                "shasum": ""
            },
            "require": {
                "php": ">=5.3.0"
            },
            "type": "library",
            "extra": {
                "branch-alias": {
                    "dev-master": "1.1.x-dev"
                }
            },
            "autoload": {
                "psr-4": {
                    "Psr\\Log\\": "Psr/Log/"
                }
            },
            "notification-url": "https://packagist.org/downloads/",
            "license": [
                "MIT"
            ],
            "authors": [
                {
                    "name": "PHP-FIG",
                    "homepage": "https://www.php-fig.org/"
                }
            ],
            "description": "Common interface for logging libraries",
            "homepage": "https://github.com/php-fig/log",
            "keywords": [
                "log",
                "psr",
                "psr-3"
            ],
            "support": {
                "source": "https://github.com/php-fig/log/tree/1.1.4"
            },
            "time": "2021-05-03T11:20:27+00:00"
        },
        {
            "name": "psr/simple-cache",
            "version": "1.0.1",
            "source": {
                "type": "git",
                "url": "https://github.com/php-fig/simple-cache.git",
                "reference": "408d5eafb83c57f6365a3ca330ff23aa4a5fa39b"
            },
            "dist": {
                "type": "zip",
                "url": "https://api.github.com/repos/php-fig/simple-cache/zipball/408d5eafb83c57f6365a3ca330ff23aa4a5fa39b",
                "reference": "408d5eafb83c57f6365a3ca330ff23aa4a5fa39b",
                "shasum": ""
            },
            "require": {
                "php": ">=5.3.0"
            },
            "type": "library",
            "extra": {
                "branch-alias": {
                    "dev-master": "1.0.x-dev"
                }
            },
            "autoload": {
                "psr-4": {
                    "Psr\\SimpleCache\\": "src/"
                }
            },
            "notification-url": "https://packagist.org/downloads/",
            "license": [
                "MIT"
            ],
            "authors": [
                {
                    "name": "PHP-FIG",
                    "homepage": "http://www.php-fig.org/"
                }
            ],
            "description": "Common interfaces for simple caching",
            "keywords": [
                "cache",
                "caching",
                "psr",
                "psr-16",
                "simple-cache"
            ],
            "support": {
                "source": "https://github.com/php-fig/simple-cache/tree/master"
            },
            "time": "2017-10-23T01:57:42+00:00"
        },
        {
            "name": "topthink/think-helper",
            "version": "v3.1.6",
            "source": {
                "type": "git",
                "url": "https://github.com/top-think/think-helper.git",
                "reference": "769acbe50a4274327162f9c68ec2e89a38eb2aff"
            },
            "dist": {
                "type": "zip",
                "url": "https://api.github.com/repos/top-think/think-helper/zipball/769acbe50a4274327162f9c68ec2e89a38eb2aff",
                "reference": "769acbe50a4274327162f9c68ec2e89a38eb2aff",
                "shasum": ""
            },
            "require": {
                "php": ">=7.1.0"
            },
            "require-dev": {
                "phpunit/phpunit": "^9.5"
            },
            "type": "library",
            "autoload": {
                "files": [
                    "src/helper.php"
                ],
                "psr-4": {
                    "think\\": "src"
                }
            },
            "notification-url": "https://packagist.org/downloads/",
            "license": [
                "Apache-2.0"
            ],
            "authors": [
                {
                    "name": "yunwuxin",
                    "email": "448901948@qq.com"
                }
            ],
            "description": "The ThinkPHP6 Helper Package",
            "support": {
                "issues": "https://github.com/top-think/think-helper/issues",
                "source": "https://github.com/top-think/think-helper/tree/v3.1.6"
            },
            "time": "2021-12-15T04:27:55+00:00"
        },
        {
            "name": "topthink/think-orm",
            "version": "v2.0.61",
            "source": {
                "type": "git",
                "url": "https://github.com/top-think/think-orm.git",
                "reference": "10528ebf4a5106b19c3bac9c6deae7a67ff49de6"
            },
            "dist": {
                "type": "zip",
                "url": "https://api.github.com/repos/top-think/think-orm/zipball/10528ebf4a5106b19c3bac9c6deae7a67ff49de6",
                "reference": "10528ebf4a5106b19c3bac9c6deae7a67ff49de6",
                "shasum": ""
            },
            "require": {
                "ext-json": "*",
                "ext-pdo": "*",
                "php": ">=7.1.0",
                "psr/log": "^1.0|^2.0",
                "psr/simple-cache": "^1.0|^2.0",
                "topthink/think-helper": "^3.1"
            },
            "require-dev": {
                "phpunit/phpunit": "^7|^8|^9.5"
            },
            "type": "library",
            "autoload": {
                "files": [
                    "stubs/load_stubs.php"
                ],
                "psr-4": {
                    "think\\": "src"
                }
            },
            "notification-url": "https://packagist.org/downloads/",
            "license": [
                "Apache-2.0"
            ],
            "authors": [
                {
                    "name": "liu21st",
                    "email": "liu21st@gmail.com"
                }
            ],
            "description": "think orm",
            "keywords": [
                "database",
                "orm"
            ],
            "support": {
                "issues": "https://github.com/top-think/think-orm/issues",
                "source": "https://github.com/top-think/think-orm/tree/v2.0.61"
            },
            "time": "2023-04-20T14:27:51+00:00"
        }
    ],
    "packages-dev": [],
    "aliases": [],
    "minimum-stability": "stable",
    "stability-flags": [],
    "prefer-stable": false,
    "prefer-lowest": false,
    "platform": [],
    "platform-dev": [],
    "plugin-api-version": "2.2.0"
}
